// !$*UTF8*$!
{
	archiveVersion = 1;
	classes = {
	};
	objectVersion = 55;
	objects = {

/* Begin PBXBuildFile section */
		027FB5222820C80B009D7FE8 /* SwiftfulSavingExampleApp.swift in Sources */ = {isa = PBXBuildFile; fileRef = 027FB5212820C80B009D7FE8 /* SwiftfulSavingExampleApp.swift */; };
		027FB5242820C80B009D7FE8 /* ContentView.swift in Sources */ = {isa = PBXBuildFile; fileRef = 027FB5232820C80B009D7FE8 /* ContentView.swift */; };
		027FB5262820C80E009D7FE8 /* Assets.xcassets in Resources */ = {isa = PBXBuildFile; fileRef = 027FB5252820C80E009D7FE8 /* Assets.xcassets */; };
		027FB5292820C80E009D7FE8 /* Preview Assets.xcassets in Resources */ = {isa = PBXBuildFile; fileRef = 027FB5282820C80E009D7FE8 /* Preview Assets.xcassets */; };
		027FB5312820CAFA009D7FE8 /* SwiftfulSaving in Frameworks */ = {isa = PBXBuildFile; productRef = 027FB5302820CAFA009D7FE8 /* SwiftfulSaving */; };
		027FB53F2820D73E009D7FE8 /* Birds-chirping-sound-effect.mp3 in Resources */ = {isa = PBXBuildFile; fileRef = 027FB53E2820D73E009D7FE8 /* Birds-chirping-sound-effect.mp3 */; };
		027FB5462820DB9A009D7FE8 /* stringsvideo.mp4 in Resources */ = {isa = PBXBuildFile; fileRef = 027FB5452820DB9A009D7FE8 /* stringsvideo.mp4 */; };
		029419342826CF6C000F6B7E /* CDItemContainer.xcdatamodeld in Sources */ = {isa = PBXBuildFile; fileRef = 029419322826CF6C000F6B7E /* CDItemContainer.xcdatamodeld */; };
		02941936282CA72F000F6B7E /* CDExampleView.swift in Sources */ = {isa = PBXBuildFile; fileRef = 02941935282CA72F000F6B7E /* CDExampleView.swift */; };
		02941938282CA739000F6B7E /* CDItem.swift in Sources */ = {isa = PBXBuildFile; fileRef = 02941937282CA739000F6B7E /* CDItem.swift */; };
		0294193A282CAEC3000F6B7E /* CDServices.swift in Sources */ = {isa = PBXBuildFile; fileRef = 02941939282CAEC3000F6B7E /* CDServices.swift */; };
		0294193C282CAEF4000F6B7E /* FMServices.swift in Sources */ = {isa = PBXBuildFile; fileRef = 0294193B282CAEF4000F6B7E /* FMServices.swift */; };
		0294193E282CAF38000F6B7E /* FMImageView.swift in Sources */ = {isa = PBXBuildFile; fileRef = 0294193D282CAF38000F6B7E /* FMImageView.swift */; };
		02AFA5E2283AD0A200763DB1 /* FMCodableView.swift in Sources */ = {isa = PBXBuildFile; fileRef = 02AFA5E1283AD0A200763DB1 /* FMCodableView.swift */; };
		02AFA5E4283AD2D900763DB1 /* FMMP3View.swift in Sources */ = {isa = PBXBuildFile; fileRef = 02AFA5E3283AD2D900763DB1 /* FMMP3View.swift */; };
		02AFA5E6283AD6EE00763DB1 /* FMMP4View.swift in Sources */ = {isa = PBXBuildFile; fileRef = 02AFA5E5283AD6EE00763DB1 /* FMMP4View.swift */; };
		02AFA5EA283AD82700763DB1 /* UDExampleView.swift in Sources */ = {isa = PBXBuildFile; fileRef = 02AFA5E9283AD82700763DB1 /* UDExampleView.swift */; };
		02AFA5ED283AD84000763DB1 /* UDServices.swift in Sources */ = {isa = PBXBuildFile; fileRef = 02AFA5EC283AD84000763DB1 /* UDServices.swift */; };
		02AFA5EF283ADAF800763DB1 /* FMImageStreamableView.swift in Sources */ = {isa = PBXBuildFile; fileRef = 02AFA5EE283ADAF800763DB1 /* FMImageStreamableView.swift */; };
/* End PBXBuildFile section */

/* Begin PBXFileReference section */
		027FB51E2820C80B009D7FE8 /* SwiftfulSavingExample.app */ = {isa = PBXFileReference; explicitFileType = wrapper.application; includeInIndex = 0; path = SwiftfulSavingExample.app; sourceTree = BUILT_PRODUCTS_DIR; };
		027FB5212820C80B009D7FE8 /* SwiftfulSavingExampleApp.swift */ = {isa = PBXFileReference; lastKnownFileType = sourcecode.swift; path = SwiftfulSavingExampleApp.swift; sourceTree = "<group>"; };
		027FB5232820C80B009D7FE8 /* ContentView.swift */ = {isa = PBXFileReference; lastKnownFileType = sourcecode.swift; path = ContentView.swift; sourceTree = "<group>"; };
		027FB5252820C80E009D7FE8 /* Assets.xcassets */ = {isa = PBXFileReference; lastKnownFileType = folder.assetcatalog; path = Assets.xcassets; sourceTree = "<group>"; };
		027FB5282820C80E009D7FE8 /* Preview Assets.xcassets */ = {isa = PBXFileReference; lastKnownFileType = folder.assetcatalog; path = "Preview Assets.xcassets"; sourceTree = "<group>"; };
		027FB53E2820D73E009D7FE8 /* Birds-chirping-sound-effect.mp3 */ = {isa = PBXFileReference; lastKnownFileType = audio.mp3; path = "Birds-chirping-sound-effect.mp3"; sourceTree = "<group>"; };
		027FB5452820DB9A009D7FE8 /* stringsvideo.mp4 */ = {isa = PBXFileReference; lastKnownFileType = file; path = stringsvideo.mp4; sourceTree = "<group>"; };
		029419332826CF6C000F6B7E /* CDItemContainer.xcdatamodel */ = {isa = PBXFileReference; lastKnownFileType = wrapper.xcdatamodel; path = CDItemContainer.xcdatamodel; sourceTree = "<group>"; };
		02941935282CA72F000F6B7E /* CDExampleView.swift */ = {isa = PBXFileReference; lastKnownFileType = sourcecode.swift; path = CDExampleView.swift; sourceTree = "<group>"; };
		02941937282CA739000F6B7E /* CDItem.swift */ = {isa = PBXFileReference; lastKnownFileType = sourcecode.swift; path = CDItem.swift; sourceTree = "<group>"; };
		02941939282CAEC3000F6B7E /* CDServices.swift */ = {isa = PBXFileReference; lastKnownFileType = sourcecode.swift; path = CDServices.swift; sourceTree = "<group>"; };
		0294193B282CAEF4000F6B7E /* FMServices.swift */ = {isa = PBXFileReference; lastKnownFileType = sourcecode.swift; path = FMServices.swift; sourceTree = "<group>"; };
		0294193D282CAF38000F6B7E /* FMImageView.swift */ = {isa = PBXFileReference; lastKnownFileType = sourcecode.swift; path = FMImageView.swift; sourceTree = "<group>"; };
		02AFA5E1283AD0A200763DB1 /* FMCodableView.swift */ = {isa = PBXFileReference; lastKnownFileType = sourcecode.swift; path = FMCodableView.swift; sourceTree = "<group>"; };
		02AFA5E3283AD2D900763DB1 /* FMMP3View.swift */ = {isa = PBXFileReference; lastKnownFileType = sourcecode.swift; path = FMMP3View.swift; sourceTree = "<group>"; };
		02AFA5E5283AD6EE00763DB1 /* FMMP4View.swift */ = {isa = PBXFileReference; lastKnownFileType = sourcecode.swift; path = FMMP4View.swift; sourceTree = "<group>"; };
		02AFA5E9283AD82700763DB1 /* UDExampleView.swift */ = {isa = PBXFileReference; lastKnownFileType = sourcecode.swift; path = UDExampleView.swift; sourceTree = "<group>"; };
		02AFA5EC283AD84000763DB1 /* UDServices.swift */ = {isa = PBXFileReference; lastKnownFileType = sourcecode.swift; path = UDServices.swift; sourceTree = "<group>"; };
		02AFA5EE283ADAF800763DB1 /* FMImageStreamableView.swift */ = {isa = PBXFileReference; lastKnownFileType = sourcecode.swift; path = FMImageStreamableView.swift; sourceTree = "<group>"; };
/* End PBXFileReference section */

/* Begin PBXFrameworksBuildPhase section */
		027FB51B2820C80B009D7FE8 /* Frameworks */ = {
			isa = PBXFrameworksBuildPhase;
			buildActionMask = 2147483647;
			files = (
				027FB5312820CAFA009D7FE8 /* SwiftfulSaving in Frameworks */,
			);
			runOnlyForDeploymentPostprocessing = 0;
		};
/* End PBXFrameworksBuildPhase section */

/* Begin PBXGroup section */
		027FB5152820C80B009D7FE8 = {
			isa = PBXGroup;
			children = (
				027FB5202820C80B009D7FE8 /* SwiftfulSavingExample */,
				027FB51F2820C80B009D7FE8 /* Products */,
			);
			sourceTree = "<group>";
		};
		027FB51F2820C80B009D7FE8 /* Products */ = {
			isa = PBXGroup;
			children = (
				027FB51E2820C80B009D7FE8 /* SwiftfulSavingExample.app */,
			);
			name = Products;
			sourceTree = "<group>";
		};
		027FB5202820C80B009D7FE8 /* SwiftfulSavingExample */ = {
			isa = PBXGroup;
			children = (
				027FB5212820C80B009D7FE8 /* SwiftfulSavingExampleApp.swift */,
				027FB5232820C80B009D7FE8 /* ContentView.swift */,
				02AFA5E7283AD7EA00763DB1 /* UserDefaults */,
				0294192D2826C85D000F6B7E /* CoreData */,
				027FB5362820D25C009D7FE8 /* FileManager */,
				027FB5422820D936009D7FE8 /* Resources */,
				027FB5272820C80E009D7FE8 /* Preview Content */,
			);
			path = SwiftfulSavingExample;
			sourceTree = "<group>";
		};
		027FB5272820C80E009D7FE8 /* Preview Content */ = {
			isa = PBXGroup;
			children = (
				027FB5282820C80E009D7FE8 /* Preview Assets.xcassets */,
			);
			path = "Preview Content";
			sourceTree = "<group>";
		};
		027FB5362820D25C009D7FE8 /* FileManager */ = {
			isa = PBXGroup;
			children = (
				02AFA5E0283AD01900763DB1 /* Services */,
				02AFA5DF283AD01300763DB1 /* Views */,
			);
			path = FileManager;
			sourceTree = "<group>";
		};
		027FB5422820D936009D7FE8 /* Resources */ = {
			isa = PBXGroup;
			children = (
				027FB5252820C80E009D7FE8 /* Assets.xcassets */,
				027FB53E2820D73E009D7FE8 /* Birds-chirping-sound-effect.mp3 */,
				027FB5452820DB9A009D7FE8 /* stringsvideo.mp4 */,
			);
			path = Resources;
			sourceTree = "<group>";
		};
		0294192D2826C85D000F6B7E /* CoreData */ = {
			isa = PBXGroup;
			children = (
				02AFA5DE283AD00300763DB1 /* Models */,
				02AFA5DD283ACFFC00763DB1 /* Services */,
				02AFA5DB283ACFDC00763DB1 /* Views */,
			);
			path = CoreData;
			sourceTree = "<group>";
		};
		02AFA5DB283ACFDC00763DB1 /* Views */ = {
			isa = PBXGroup;
			children = (
				02941935282CA72F000F6B7E /* CDExampleView.swift */,
			);
			path = Views;
			sourceTree = "<group>";
		};
		02AFA5DD283ACFFC00763DB1 /* Services */ = {
			isa = PBXGroup;
			children = (
				02941939282CAEC3000F6B7E /* CDServices.swift */,
			);
			path = Services;
			sourceTree = "<group>";
		};
		02AFA5DE283AD00300763DB1 /* Models */ = {
			isa = PBXGroup;
			children = (
				02941937282CA739000F6B7E /* CDItem.swift */,
				029419322826CF6C000F6B7E /* CDItemContainer.xcdatamodeld */,
			);
			path = Models;
			sourceTree = "<group>";
		};
		02AFA5DF283AD01300763DB1 /* Views */ = {
			isa = PBXGroup;
			children = (
				0294193D282CAF38000F6B7E /* FMImageView.swift */,
				02AFA5EE283ADAF800763DB1 /* FMImageStreamableView.swift */,
				02AFA5E1283AD0A200763DB1 /* FMCodableView.swift */,
				02AFA5E3283AD2D900763DB1 /* FMMP3View.swift */,
				02AFA5E5283AD6EE00763DB1 /* FMMP4View.swift */,
			);
			path = Views;
			sourceTree = "<group>";
		};
		02AFA5E0283AD01900763DB1 /* Services */ = {
			isa = PBXGroup;
			children = (
				0294193B282CAEF4000F6B7E /* FMServices.swift */,
			);
			path = Services;
			sourceTree = "<group>";
		};
		02AFA5E7283AD7EA00763DB1 /* UserDefaults */ = {
			isa = PBXGroup;
			children = (
				02AFA5EB283AD82F00763DB1 /* Services */,
				02AFA5E8283AD7F500763DB1 /* Views */,
			);
			path = UserDefaults;
			sourceTree = "<group>";
		};
		02AFA5E8283AD7F500763DB1 /* Views */ = {
			isa = PBXGroup;
			children = (
				02AFA5E9283AD82700763DB1 /* UDExampleView.swift */,
			);
			path = Views;
			sourceTree = "<group>";
		};
		02AFA5EB283AD82F00763DB1 /* Services */ = {
			isa = PBXGroup;
			children = (
				02AFA5EC283AD84000763DB1 /* UDServices.swift */,
			);
			path = Services;
			sourceTree = "<group>";
		};
/* End PBXGroup section */

/* Begin PBXNativeTarget section */
		027FB51D2820C80B009D7FE8 /* SwiftfulSavingExample */ = {
			isa = PBXNativeTarget;
			buildConfigurationList = 027FB52C2820C80E009D7FE8 /* Build configuration list for PBXNativeTarget "SwiftfulSavingExample" */;
			buildPhases = (
				027FB51A2820C80B009D7FE8 /* Sources */,
				027FB51B2820C80B009D7FE8 /* Frameworks */,
				027FB51C2820C80B009D7FE8 /* Resources */,
			);
			buildRules = (
			);
			dependencies = (
			);
			name = SwiftfulSavingExample;
			packageProductDependencies = (
				027FB5302820CAFA009D7FE8 /* SwiftfulSaving */,
			);
			productName = SwiftfulSavingExample;
			productReference = 027FB51E2820C80B009D7FE8 /* SwiftfulSavingExample.app */;
			productType = "com.apple.product-type.application";
		};
/* End PBXNativeTarget section */

/* Begin PBXProject section */
		027FB5162820C80B009D7FE8 /* Project object */ = {
			isa = PBXProject;
			attributes = {
				BuildIndependentTargetsInParallel = 1;
				LastSwiftUpdateCheck = 1320;
				LastUpgradeCheck = 1320;
				TargetAttributes = {
					027FB51D2820C80B009D7FE8 = {
						CreatedOnToolsVersion = 13.2.1;
					};
				};
			};
			buildConfigurationList = 027FB5192820C80B009D7FE8 /* Build configuration list for PBXProject "SwiftfulSavingExample" */;
			compatibilityVersion = "Xcode 13.0";
			developmentRegion = en;
			hasScannedForEncodings = 0;
			knownRegions = (
				en,
				Base,
			);
			mainGroup = 027FB5152820C80B009D7FE8;
			packageReferences = (
				027FB52F2820CAFA009D7FE8 /* XCRemoteSwiftPackageReference "SwiftfulSaving" */,
			);
			productRefGroup = 027FB51F2820C80B009D7FE8 /* Products */;
			projectDirPath = "";
			projectRoot = "";
			targets = (
				027FB51D2820C80B009D7FE8 /* SwiftfulSavingExample */,
			);
		};
/* End PBXProject section */

/* Begin PBXResourcesBuildPhase section */
		027FB51C2820C80B009D7FE8 /* Resources */ = {
			isa = PBXResourcesBuildPhase;
			buildActionMask = 2147483647;
			files = (
				027FB5462820DB9A009D7FE8 /* stringsvideo.mp4 in Resources */,
				027FB5292820C80E009D7FE8 /* Preview Assets.xcassets in Resources */,
				027FB5262820C80E009D7FE8 /* Assets.xcassets in Resources */,
				027FB53F2820D73E009D7FE8 /* Birds-chirping-sound-effect.mp3 in Resources */,
			);
			runOnlyForDeploymentPostprocessing = 0;
		};
/* End PBXResourcesBuildPhase section */

/* Begin PBXSourcesBuildPhase section */
		027FB51A2820C80B009D7FE8 /* Sources */ = {
			isa = PBXSourcesBuildPhase;
			buildActionMask = 2147483647;
			files = (
				0294193E282CAF38000F6B7E /* FMImageView.swift in Sources */,
				02AFA5EF283ADAF800763DB1 /* FMImageStreamableView.swift in Sources */,
				027FB5242820C80B009D7FE8 /* ContentView.swift in Sources */,
				02AFA5E4283AD2D900763DB1 /* FMMP3View.swift in Sources */,
				02AFA5E2283AD0A200763DB1 /* FMCodableView.swift in Sources */,
				02AFA5EA283AD82700763DB1 /* UDExampleView.swift in Sources */,
				0294193C282CAEF4000F6B7E /* FMServices.swift in Sources */,
				02941936282CA72F000F6B7E /* CDExampleView.swift in Sources */,
				02941938282CA739000F6B7E /* CDItem.swift in Sources */,
				027FB5222820C80B009D7FE8 /* SwiftfulSavingExampleApp.swift in Sources */,
				02AFA5E6283AD6EE00763DB1 /* FMMP4View.swift in Sources */,
				0294193A282CAEC3000F6B7E /* CDServices.swift in Sources */,
				02AFA5ED283AD84000763DB1 /* UDServices.swift in Sources */,
				029419342826CF6C000F6B7E /* CDItemContainer.xcdatamodeld in Sources */,
			);
			runOnlyForDeploymentPostprocessing = 0;
		};
/* End PBXSourcesBuildPhase section */

/* Begin XCBuildConfiguration section */
		027FB52A2820C80E009D7FE8 /* Debug */ = {
			isa = XCBuildConfiguration;
			buildSettings = {
				ALWAYS_SEARCH_USER_PATHS = NO;
				CLANG_ANALYZER_NONNULL = YES;
				CLANG_ANALYZER_NUMBER_OBJECT_CONVERSION = YES_AGGRESSIVE;
				CLANG_CXX_LANGUAGE_STANDARD = "gnu++17";
				CLANG_CXX_LIBRARY = "libc++";
				CLANG_ENABLE_MODULES = YES;
				CLANG_ENABLE_OBJC_ARC = YES;
				CLANG_ENABLE_OBJC_WEAK = YES;
				CLANG_WARN_BLOCK_CAPTURE_AUTORELEASING = YES;
				CLANG_WARN_BOOL_CONVERSION = YES;
				CLANG_WARN_COMMA = YES;
				CLANG_WARN_CONSTANT_CONVERSION = YES;
				CLANG_WARN_DEPRECATED_OBJC_IMPLEMENTATIONS = YES;
				CLANG_WARN_DIRECT_OBJC_ISA_USAGE = YES_ERROR;
				CLANG_WARN_DOCUMENTATION_COMMENTS = YES;
				CLANG_WARN_EMPTY_BODY = YES;
				CLANG_WARN_ENUM_CONVERSION = YES;
				CLANG_WARN_INFINITE_RECURSION = YES;
				CLANG_WARN_INT_CONVERSION = YES;
				CLANG_WARN_NON_LITERAL_NULL_CONVERSION = YES;
				CLANG_WARN_OBJC_IMPLICIT_RETAIN_SELF = YES;
				CLANG_WARN_OBJC_LITERAL_CONVERSION = YES;
				CLANG_WARN_OBJC_ROOT_CLASS = YES_ERROR;
				CLANG_WARN_QUOTED_INCLUDE_IN_FRAMEWORK_HEADER = YES;
				CLANG_WARN_RANGE_LOOP_ANALYSIS = YES;
				CLANG_WARN_STRICT_PROTOTYPES = YES;
				CLANG_WARN_SUSPICIOUS_MOVE = YES;
				CLANG_WARN_UNGUARDED_AVAILABILITY = YES_AGGRESSIVE;
				CLANG_WARN_UNREACHABLE_CODE = YES;
				CLANG_WARN__DUPLICATE_METHOD_MATCH = YES;
				COPY_PHASE_STRIP = NO;
				DEBUG_INFORMATION_FORMAT = dwarf;
				ENABLE_STRICT_OBJC_MSGSEND = YES;
				ENABLE_TESTABILITY = YES;
				GCC_C_LANGUAGE_STANDARD = gnu11;
				GCC_DYNAMIC_NO_PIC = NO;
				GCC_NO_COMMON_BLOCKS = YES;
				GCC_OPTIMIZATION_LEVEL = 0;
				GCC_PREPROCESSOR_DEFINITIONS = (
					"DEBUG=1",
					"$(inherited)",
				);
				GCC_WARN_64_TO_32_BIT_CONVERSION = YES;
				GCC_WARN_ABOUT_RETURN_TYPE = YES_ERROR;
				GCC_WARN_UNDECLARED_SELECTOR = YES;
				GCC_WARN_UNINITIALIZED_AUTOS = YES_AGGRESSIVE;
				GCC_WARN_UNUSED_FUNCTION = YES;
				GCC_WARN_UNUSED_VARIABLE = YES;
				IPHONEOS_DEPLOYMENT_TARGET = 15.2;
				MTL_ENABLE_DEBUG_INFO = INCLUDE_SOURCE;
				MTL_FAST_MATH = YES;
				ONLY_ACTIVE_ARCH = YES;
				SDKROOT = iphoneos;
				SWIFT_ACTIVE_COMPILATION_CONDITIONS = DEBUG;
				SWIFT_OPTIMIZATION_LEVEL = "-Onone";
			};
			name = Debug;
		};
		027FB52B2820C80E009D7FE8 /* Release */ = {
			isa = XCBuildConfiguration;
			buildSettings = {
				ALWAYS_SEARCH_USER_PATHS = NO;
				CLANG_ANALYZER_NONNULL = YES;
				CLANG_ANALYZER_NUMBER_OBJECT_CONVERSION = YES_AGGRESSIVE;
				CLANG_CXX_LANGUAGE_STANDARD = "gnu++17";
				CLANG_CXX_LIBRARY = "libc++";
				CLANG_ENABLE_MODULES = YES;
				CLANG_ENABLE_OBJC_ARC = YES;
				CLANG_ENABLE_OBJC_WEAK = YES;
				CLANG_WARN_BLOCK_CAPTURE_AUTORELEASING = YES;
				CLANG_WARN_BOOL_CONVERSION = YES;
				CLANG_WARN_COMMA = YES;
				CLANG_WARN_CONSTANT_CONVERSION = YES;
				CLANG_WARN_DEPRECATED_OBJC_IMPLEMENTATIONS = YES;
				CLANG_WARN_DIRECT_OBJC_ISA_USAGE = YES_ERROR;
				CLANG_WARN_DOCUMENTATION_COMMENTS = YES;
				CLANG_WARN_EMPTY_BODY = YES;
				CLANG_WARN_ENUM_CONVERSION = YES;
				CLANG_WARN_INFINITE_RECURSION = YES;
				CLANG_WARN_INT_CONVERSION = YES;
				CLANG_WARN_NON_LITERAL_NULL_CONVERSION = YES;
				CLANG_WARN_OBJC_IMPLICIT_RETAIN_SELF = YES;
				CLANG_WARN_OBJC_LITERAL_CONVERSION = YES;
				CLANG_WARN_OBJC_ROOT_CLASS = YES_ERROR;
				CLANG_WARN_QUOTED_INCLUDE_IN_FRAMEWORK_HEADER = YES;
				CLANG_WARN_RANGE_LOOP_ANALYSIS = YES;
				CLANG_WARN_STRICT_PROTOTYPES = YES;
				CLANG_WARN_SUSPICIOUS_MOVE = YES;
				CLANG_WARN_UNGUARDED_AVAILABILITY = YES_AGGRESSIVE;
				CLANG_WARN_UNREACHABLE_CODE = YES;
				CLANG_WARN__DUPLICATE_METHOD_MATCH = YES;
				COPY_PHASE_STRIP = NO;
				DEBUG_INFORMATION_FORMAT = "dwarf-with-dsym";
				ENABLE_NS_ASSERTIONS = NO;
				ENABLE_STRICT_OBJC_MSGSEND = YES;
				GCC_C_LANGUAGE_STANDARD = gnu11;
				GCC_NO_COMMON_BLOCKS = YES;
				GCC_WARN_64_TO_32_BIT_CONVERSION = YES;
				GCC_WARN_ABOUT_RETURN_TYPE = YES_ERROR;
				GCC_WARN_UNDECLARED_SELECTOR = YES;
				GCC_WARN_UNINITIALIZED_AUTOS = YES_AGGRESSIVE;
				GCC_WARN_UNUSED_FUNCTION = YES;
				GCC_WARN_UNUSED_VARIABLE = YES;
				IPHONEOS_DEPLOYMENT_TARGET = 15.2;
				MTL_ENABLE_DEBUG_INFO = NO;
				MTL_FAST_MATH = YES;
				SDKROOT = iphoneos;
				SWIFT_COMPILATION_MODE = wholemodule;
				SWIFT_OPTIMIZATION_LEVEL = "-O";
				VALIDATE_PRODUCT = YES;
			};
			name = Release;
		};
		027FB52D2820C80E009D7FE8 /* Debug */ = {
			isa = XCBuildConfiguration;
			buildSettings = {
				ASSETCATALOG_COMPILER_APPICON_NAME = AppIcon;
				ASSETCATALOG_COMPILER_GLOBAL_ACCENT_COLOR_NAME = AccentColor;
				CODE_SIGN_STYLE = Automatic;
				CURRENT_PROJECT_VERSION = 1;
				DEVELOPMENT_ASSET_PATHS = "\"SwiftfulSavingExample/Preview Content\"";
				DEVELOPMENT_TEAM = Z735PM5XVD;
				ENABLE_PREVIEWS = YES;
				GENERATE_INFOPLIST_FILE = YES;
				INFOPLIST_KEY_UIApplicationSceneManifest_Generation = YES;
				INFOPLIST_KEY_UIApplicationSupportsIndirectInputEvents = YES;
				INFOPLIST_KEY_UILaunchScreen_Generation = YES;
				INFOPLIST_KEY_UISupportedInterfaceOrientations_iPad = "UIInterfaceOrientationPortrait UIInterfaceOrientationPortraitUpsideDown UIInterfaceOrientationLandscapeLeft UIInterfaceOrientationLandscapeRight";
				INFOPLIST_KEY_UISupportedInterfaceOrientations_iPhone = "UIInterfaceOrientationPortrait UIInterfaceOrientationLandscapeLeft UIInterfaceOrientationLandscapeRight";
				LD_RUNPATH_SEARCH_PATHS = (
					"$(inherited)",
					"@executable_path/Frameworks",
				);
				MARKETING_VERSION = 1.0;
				PRODUCT_BUNDLE_IDENTIFIER = com.nicksarno.SwiftfulSavingExample;
				PRODUCT_NAME = "$(TARGET_NAME)";
				SWIFT_EMIT_LOC_STRINGS = YES;
				SWIFT_VERSION = 5.0;
				TARGETED_DEVICE_FAMILY = "1,2";
			};
			name = Debug;
		};
		027FB52E2820C80E009D7FE8 /* Release */ = {
			isa = XCBuildConfiguration;
			buildSettings = {
				ASSETCATALOG_COMPILER_APPICON_NAME = AppIcon;
				ASSETCATALOG_COMPILER_GLOBAL_ACCENT_COLOR_NAME = AccentColor;
				CODE_SIGN_STYLE = Automatic;
				CURRENT_PROJECT_VERSION = 1;
				DEVELOPMENT_ASSET_PATHS = "\"SwiftfulSavingExample/Preview Content\"";
				DEVELOPMENT_TEAM = Z735PM5XVD;
				ENABLE_PREVIEWS = YES;
				GENERATE_INFOPLIST_FILE = YES;
				INFOPLIST_KEY_UIApplicationSceneManifest_Generation = YES;
				INFOPLIST_KEY_UIApplicationSupportsIndirectInputEvents = YES;
				INFOPLIST_KEY_UILaunchScreen_Generation = YES;
				INFOPLIST_KEY_UISupportedInterfaceOrientations_iPad = "UIInterfaceOrientationPortrait UIInterfaceOrientationPortraitUpsideDown UIInterfaceOrientationLandscapeLeft UIInterfaceOrientationLandscapeRight";
				INFOPLIST_KEY_UISupportedInterfaceOrientations_iPhone = "UIInterfaceOrientationPortrait UIInterfaceOrientationLandscapeLeft UIInterfaceOrientationLandscapeRight";
				LD_RUNPATH_SEARCH_PATHS = (
					"$(inherited)",
					"@executable_path/Frameworks",
				);
				MARKETING_VERSION = 1.0;
				PRODUCT_BUNDLE_IDENTIFIER = com.nicksarno.SwiftfulSavingExample;
				PRODUCT_NAME = "$(TARGET_NAME)";
				SWIFT_EMIT_LOC_STRINGS = YES;
				SWIFT_VERSION = 5.0;
				TARGETED_DEVICE_FAMILY = "1,2";
			};
			name = Release;
		};
/* End XCBuildConfiguration section */

/* Begin XCConfigurationList section */
		027FB5192820C80B009D7FE8 /* Build configuration list for PBXProject "SwiftfulSavingExample" */ = {
			isa = XCConfigurationList;
			buildConfigurations = (
				027FB52A2820C80E009D7FE8 /* Debug */,
				027FB52B2820C80E009D7FE8 /* Release */,
			);
			defaultConfigurationIsVisible = 0;
			defaultConfigurationName = Release;
		};
		027FB52C2820C80E009D7FE8 /* Build configuration list for PBXNativeTarget "SwiftfulSavingExample" */ = {
			isa = XCConfigurationList;
			buildConfigurations = (
				027FB52D2820C80E009D7FE8 /* Debug */,
				027FB52E2820C80E009D7FE8 /* Release */,
			);
			defaultConfigurationIsVisible = 0;
			defaultConfigurationName = Release;
		};
/* End XCConfigurationList section */

/* Begin XCRemoteSwiftPackageReference section */
		027FB52F2820CAFA009D7FE8 /* XCRemoteSwiftPackageReference "SwiftfulSaving" */ = {
			isa = XCRemoteSwiftPackageReference;
			repositoryURL = "https://github.com/SwiftfulThinking/SwiftfulSaving.git";
			requirement = {
				branch = feature/core_data_updates;
				kind = branch;
			};
		};
/* End XCRemoteSwiftPackageReference section */

/* Begin XCSwiftPackageProductDependency section */
		027FB5302820CAFA009D7FE8 /* SwiftfulSaving */ = {
			isa = XCSwiftPackageProductDependency;
			package = 027FB52F2820CAFA009D7FE8 /* XCRemoteSwiftPackageReference "SwiftfulSaving" */;
			productName = SwiftfulSaving;
		};
/* End XCSwiftPackageProductDependency section */

/* Begin XCVersionGroup section */
		029419322826CF6C000F6B7E /* CDItemContainer.xcdatamodeld */ = {
			isa = XCVersionGroup;
			children = (
				029419332826CF6C000F6B7E /* CDItemContainer.xcdatamodel */,
			);
			currentVersion = 029419332826CF6C000F6B7E /* CDItemContainer.xcdatamodel */;
			path = CDItemContainer.xcdatamodeld;
			sourceTree = "<group>";
			versionGroupType = wrapper.xcdatamodel;
		};
/* End XCVersionGroup section */
	};
	rootObject = 027FB5162820C80B009D7FE8 /* Project object */;
}
